
Microsoft Visual Studio Solution File, Format Version 12.00
# Visual Studio Version 17
VisualStudioVersion = 17.9.34622.214
MinimumVisualStudioVersion = 10.0.40219.1
Project("{FAE04EC0-301F-11D3-BF4B-00C04F79EFBC}") = "PRELIM_E3_Assignment_GarciaMarkAngelo_BSIT32E1", "PRELIM_E3_Assignment_GarciaMarkAngelo_BSIT32E1.csproj", "{E25D9730-E82C-430A-AD2E-72F29EC16BA4}"
EndProject
Global
	GlobalSection(SolutionConfigurationPlatforms) = preSolution
		Debug|Any CPU = Debug|Any CPU
		Release|Any CPU = Release|Any CPU
	EndGlobalSection
	GlobalSection(ProjectConfigurationPlatforms) = postSolution
		{E25D9730-E82C-430A-AD2E-72F29EC16BA4}.Debug|Any CPU.ActiveCfg = Debug|Any CPU
		{E25D9730-E82C-430A-AD2E-72F29EC16BA4}.Debug|Any CPU.Build.0 = Debug|Any CPU
		{E25D9730-E82C-430A-AD2E-72F29EC16BA4}.Release|Any CPU.ActiveCfg = Release|Any CPU
		{E25D9730-E82C-430A-AD2E-72F29EC16BA4}.Release|Any CPU.Build.0 = Release|Any CPU
	EndGlobalSection
	GlobalSection(SolutionProperties) = preSolution
		HideSolutionNode = FALSE
	EndGlobalSection
	GlobalSection(ExtensibilityGlobals) = postSolution
		SolutionGuid = {2C366F14-8594-47B4-8D2D-8CDB42C6C15D}
	EndGlobalSection
EndGlobal
